
Microsoft Visual Studio Solution File, Format Version 12.00
# Visual Studio Version 16
VisualStudioVersion = 16.0.30225.117
MinimumVisualStudioVersion = 10.0.40219.1
Project("{FAE04EC0-301F-11D3-BF4B-00C04F79EFBC}") = "TASK_1_AND_TASK_2", "TASK_1_AND_TASK_2.csproj", "{FCF09F00-F731-42D6-B40D-50F513C1C58F}"
EndProject
Global
	GlobalSection(SolutionConfigurationPlatforms) = preSolution
		Debug|Any CPU = Debug|Any CPU
		Release|Any CPU = Release|Any CPU
	EndGlobalSection
	GlobalSection(ProjectConfigurationPlatforms) = postSolution
		{FCF09F00-F731-42D6-B40D-50F513C1C58F}.Debug|Any CPU.ActiveCfg = Debug|Any CPU
		{FCF09F00-F731-42D6-B40D-50F513C1C58F}.Debug|Any CPU.Build.0 = Debug|Any CPU
		{FCF09F00-F731-42D6-B40D-50F513C1C58F}.Release|Any CPU.ActiveCfg = Release|Any CPU
		{FCF09F00-F731-42D6-B40D-50F513C1C58F}.Release|Any CPU.Build.0 = Release|Any CPU
	EndGlobalSection
	GlobalSection(SolutionProperties) = preSolution
		HideSolutionNode = FALSE
	EndGlobalSection
	GlobalSection(ExtensibilityGlobals) = postSolution
		SolutionGuid = {51D71053-19D7-485F-BB22-440C112DD95D}
	EndGlobalSection
EndGlobal
