
Microsoft Visual Studio Solution File, Format Version 12.00
# Visual Studio Version 16
VisualStudioVersion = 16.0.30225.117
MinimumVisualStudioVersion = 10.0.40219.1
Project("{FAE04EC0-301F-11D3-BF4B-00C04F79EFBC}") = "TASK_2", "TASK_2.csproj", "{B27E2450-CA5C-4DBB-991A-11B0631605BA}"
EndProject
Global
	GlobalSection(SolutionConfigurationPlatforms) = preSolution
		Debug|Any CPU = Debug|Any CPU
		Release|Any CPU = Release|Any CPU
	EndGlobalSection
	GlobalSection(ProjectConfigurationPlatforms) = postSolution
		{B27E2450-CA5C-4DBB-991A-11B0631605BA}.Debug|Any CPU.ActiveCfg = Debug|Any CPU
		{B27E2450-CA5C-4DBB-991A-11B0631605BA}.Debug|Any CPU.Build.0 = Debug|Any CPU
		{B27E2450-CA5C-4DBB-991A-11B0631605BA}.Release|Any CPU.ActiveCfg = Release|Any CPU
		{B27E2450-CA5C-4DBB-991A-11B0631605BA}.Release|Any CPU.Build.0 = Release|Any CPU
	EndGlobalSection
	GlobalSection(SolutionProperties) = preSolution
		HideSolutionNode = FALSE
	EndGlobalSection
	GlobalSection(ExtensibilityGlobals) = postSolution
		SolutionGuid = {AD28E85A-4D16-4490-8FFD-9FE05D3046D5}
	EndGlobalSection
EndGlobal
