
Microsoft Visual Studio Solution File, Format Version 12.00
# Visual Studio Version 16
VisualStudioVersion = 16.0.30330.147
MinimumVisualStudioVersion = 10.0.40219.1
Project("{FAE04EC0-301F-11D3-BF4B-00C04F79EFBC}") = "wddn_online_shopping", "wddn_online_shopping.csproj", "{EE76785F-0D17-424F-BF2A-694D93AD63D0}"
EndProject
Global
	GlobalSection(SolutionConfigurationPlatforms) = preSolution
		Debug|Any CPU = Debug|Any CPU
		Release|Any CPU = Release|Any CPU
	EndGlobalSection
	GlobalSection(ProjectConfigurationPlatforms) = postSolution
		{EE76785F-0D17-424F-BF2A-694D93AD63D0}.Debug|Any CPU.ActiveCfg = Debug|Any CPU
		{EE76785F-0D17-424F-BF2A-694D93AD63D0}.Debug|Any CPU.Build.0 = Debug|Any CPU
		{EE76785F-0D17-424F-BF2A-694D93AD63D0}.Release|Any CPU.ActiveCfg = Release|Any CPU
		{EE76785F-0D17-424F-BF2A-694D93AD63D0}.Release|Any CPU.Build.0 = Release|Any CPU
	EndGlobalSection
	GlobalSection(SolutionProperties) = preSolution
		HideSolutionNode = FALSE
	EndGlobalSection
	GlobalSection(ExtensibilityGlobals) = postSolution
		SolutionGuid = {221D065B-8E0C-4E0B-B30F-DDD8288FC2BD}
	EndGlobalSection
EndGlobal
