
Microsoft Visual Studio Solution File, Format Version 12.00
# Visual Studio Version 16
VisualStudioVersion = 16.0.30330.147
MinimumVisualStudioVersion = 10.0.40219.1
Project("{FAE04EC0-301F-11D3-BF4B-00C04F79EFBC}") = "TASK_4", "TASK_4.csproj", "{215AE96C-2DDE-498B-8AE7-EE7EB4336758}"
EndProject
Global
	GlobalSection(SolutionConfigurationPlatforms) = preSolution
		Debug|Any CPU = Debug|Any CPU
		Release|Any CPU = Release|Any CPU
	EndGlobalSection
	GlobalSection(ProjectConfigurationPlatforms) = postSolution
		{215AE96C-2DDE-498B-8AE7-EE7EB4336758}.Debug|Any CPU.ActiveCfg = Debug|Any CPU
		{215AE96C-2DDE-498B-8AE7-EE7EB4336758}.Debug|Any CPU.Build.0 = Debug|Any CPU
		{215AE96C-2DDE-498B-8AE7-EE7EB4336758}.Release|Any CPU.ActiveCfg = Release|Any CPU
		{215AE96C-2DDE-498B-8AE7-EE7EB4336758}.Release|Any CPU.Build.0 = Release|Any CPU
	EndGlobalSection
	GlobalSection(SolutionProperties) = preSolution
		HideSolutionNode = FALSE
	EndGlobalSection
	GlobalSection(ExtensibilityGlobals) = postSolution
		SolutionGuid = {A48F4EA7-6777-44B1-A327-137586605F71}
	EndGlobalSection
EndGlobal
