
Microsoft Visual Studio Solution File, Format Version 12.00
# Visual Studio Version 16
VisualStudioVersion = 16.0.30225.117
MinimumVisualStudioVersion = 10.0.40219.1
Project("{FAE04EC0-301F-11D3-BF4B-00C04F79EFBC}") = "task2", "task2.csproj", "{3A3924C9-F1BC-43D3-B835-E083EE3EF4DC}"
EndProject
Global
	GlobalSection(SolutionConfigurationPlatforms) = preSolution
		Debug|Any CPU = Debug|Any CPU
		Release|Any CPU = Release|Any CPU
	EndGlobalSection
	GlobalSection(ProjectConfigurationPlatforms) = postSolution
		{3A3924C9-F1BC-43D3-B835-E083EE3EF4DC}.Debug|Any CPU.ActiveCfg = Debug|Any CPU
		{3A3924C9-F1BC-43D3-B835-E083EE3EF4DC}.Debug|Any CPU.Build.0 = Debug|Any CPU
		{3A3924C9-F1BC-43D3-B835-E083EE3EF4DC}.Release|Any CPU.ActiveCfg = Release|Any CPU
		{3A3924C9-F1BC-43D3-B835-E083EE3EF4DC}.Release|Any CPU.Build.0 = Release|Any CPU
	EndGlobalSection
	GlobalSection(SolutionProperties) = preSolution
		HideSolutionNode = FALSE
	EndGlobalSection
	GlobalSection(ExtensibilityGlobals) = postSolution
		SolutionGuid = {5136349E-B5EC-48B2-8D5E-2BD1E13460AB}
	EndGlobalSection
EndGlobal
